<?xml version="1.0" encoding="utf-8"?>
<Project ToolsVersion="4.0" xmlns="http://schemas.microsoft.com/developer/msbuild/2003">
  <ItemGroup>
    <Filter Include="Source Files">
      <UniqueIdentifier>{4FC737F1-C7A5-4376-A066-2A32D752A2FF}</UniqueIdentifier>
      <Extensions>cpp;c;cc;cxx;def;odl;idl;hpj;bat;asm;asmx</Extensions>
    </Filter>
    <Filter Include="Header Files">
      <UniqueIdentifier>{93995380-89BD-4b04-88EB-625FBE52EBFB}</UniqueIdentifier>
      <Extensions>h;hh;hpp;hxx;hm;inl;inc;ipp;xsd</Extensions>
    </Filter>
    <Filter Include="Resource Files">
      <UniqueIdentifier>{67DA6AB6-F800-4c08-8B7A-83BB121AAD01}</UniqueIdentifier>
      <Extensions>rc;ico;cur;bmp;dlg;rc2;rct;bin;rgs;gif;jpg;jpeg;jpe;resx;tiff;tif;png;wav;mfcribbon-ms</Extensions>
    </Filter>
    <Filter Include="Framework">
      <UniqueIdentifier>{a47457e6-ff4a-47a6-9327-55ab6d5658b9}</UniqueIdentifier>
    </Filter>
    <Filter Include="Scene">
      <UniqueIdentifier>{dfc272df-db46-4b62-972c-5e08dac8e8ae}</UniqueIdentifier>
    </Filter>
    <Filter Include="GameComponents">
      <UniqueIdentifier>{9f679312-b96e-4d0b-a695-e2831116aff6}</UniqueIdentifier>
    </Filter>
    <Filter Include="GameComponents\StaticObject">
      <UniqueIdentifier>{cc4df707-ab2c-4e55-820b-4b640e45aa7c}</UniqueIdentifier>
    </Filter>
    <Filter Include="GameComponents\DynamicObject">
      <UniqueIdentifier>{4541d464-c756-46e7-8a98-2955f578d359}</UniqueIdentifier>
    </Filter>
    <Filter Include="GameComponents\DynamicObject\Player">
      <UniqueIdentifier>{5681b9cd-73bf-4e21-a8f7-a57de5420f66}</UniqueIdentifier>
    </Filter>
    <Filter Include="GameComponents\StaticObject\Ground">
      <UniqueIdentifier>{ec8dbe63-867b-4a66-9d02-73d55f1905ea}</UniqueIdentifier>
    </Filter>
    <Filter Include="GameComponents\DynamicObject\Player\Weapon">
      <UniqueIdentifier>{bace7eca-9b9f-47a4-9a9d-b17187ada150}</UniqueIdentifier>
    </Filter>
    <Filter Include="GameComponents\DynamicObject\Enemy">
      <UniqueIdentifier>{dee4d365-d070-4096-8270-badda21c44a7}</UniqueIdentifier>
    </Filter>
    <Filter Include="GameComponents\DynamicObject\Candle">
      <UniqueIdentifier>{96d20b2a-0d03-493f-9bf0-377fba5a29e8}</UniqueIdentifier>
    </Filter>
    <Filter Include="GameComponents\DynamicObject\Items">
      <UniqueIdentifier>{c9ca8067-8844-46a7-819c-8f6dd66e648f}</UniqueIdentifier>
    </Filter>
  </ItemGroup>
  <ItemGroup>
    <ClCompile Include="winmain.cpp">
      <Filter>Source Files</Filter>
    </ClCompile>
    <ClCompile Include="Framework\Game.cpp">
      <Filter>Framework</Filter>
    </ClCompile>
    <ClCompile Include="Scene\Scene.cpp">
      <Filter>Scene</Filter>
    </ClCompile>
    <ClCompile Include="Scene\DemoScene.cpp">
      <Filter>Scene</Filter>
    </ClCompile>
    <ClCompile Include="Scene\SceneManager.cpp">
      <Filter>Scene</Filter>
    </ClCompile>
    <ClCompile Include="Framework\Camera.cpp">
      <Filter>Framework</Filter>
    </ClCompile>
    <ClCompile Include="Framework\Sprite.cpp">
      <Filter>Framework</Filter>
    </ClCompile>
    <ClCompile Include="Framework\GameMap.cpp">
      <Filter>Framework</Filter>
    </ClCompile>
    <ClCompile Include="GameComponents\GameObject.cpp">
      <Filter>GameComponents</Filter>
    </ClCompile>
    <ClCompile Include="Framework\Animation.cpp">
      <Filter>Framework</Filter>
    </ClCompile>
    <ClCompile Include="Framework\Tile.cpp">
      <Filter>Framework</Filter>
    </ClCompile>
    <ClCompile Include="QuadTree.cpp">
      <Filter>Framework</Filter>
    </ClCompile>
    <ClCompile Include="Framework\TileSet.cpp">
      <Filter>Framework</Filter>
    </ClCompile>
    <ClCompile Include="Scene\TitleScene.cpp">
      <Filter>Scene</Filter>
    </ClCompile>
    <ClCompile Include="Scene\IntroScene.cpp">
      <Filter>Scene</Filter>
    </ClCompile>
    <ClCompile Include="GameComponents\DynamicObject\Player\Player.cpp">
      <Filter>GameComponents\DynamicObject\Player</Filter>
    </ClCompile>
    <ClCompile Include="GameComponents\DynamicObject\Player\PlayerData.cpp">
      <Filter>GameComponents\DynamicObject\Player</Filter>
    </ClCompile>
    <ClCompile Include="GameComponents\DynamicObject\Player\PlayerRunningState.cpp">
      <Filter>GameComponents\DynamicObject\Player</Filter>
    </ClCompile>
    <ClCompile Include="GameComponents\DynamicObject\Player\PlayerStandingState.cpp">
      <Filter>GameComponents\DynamicObject\Player</Filter>
    </ClCompile>
    <ClCompile Include="GameComponents\DynamicObject\Player\PlayerState.cpp">
      <Filter>GameComponents\DynamicObject\Player</Filter>
    </ClCompile>
    <ClCompile Include="GameComponents\DynamicObject\DynamicObject.cpp">
      <Filter>GameComponents\DynamicObject</Filter>
    </ClCompile>
    <ClCompile Include="GameComponents\StaticObject\StaticObject.cpp">
      <Filter>GameComponents\StaticObject</Filter>
    </ClCompile>
    <ClCompile Include="GameComponents\StaticObject\Ground\Ground.cpp">
      <Filter>GameComponents\StaticObject\Ground</Filter>
    </ClCompile>
    <ClCompile Include="GameComponents\DynamicObject\Player\PlayerFightingState.cpp">
      <Filter>GameComponents\DynamicObject\Player</Filter>
    </ClCompile>
    <ClCompile Include="GameCollision.cpp">
      <Filter>GameComponents</Filter>
    </ClCompile>
    <ClCompile Include="GameComponents\DynamicObject\Player\PlayerSitdownState.cpp">
      <Filter>GameComponents\DynamicObject\Player</Filter>
    </ClCompile>
    <ClCompile Include="GameComponents\DynamicObject\Player\PlayerJumpingState.cpp">
      <Filter>GameComponents\DynamicObject\Player</Filter>
    </ClCompile>
    <ClCompile Include="GameComponents\DynamicObject\Player\PlayerFallingState.cpp">
      <Filter>GameComponents\DynamicObject\Player</Filter>
    </ClCompile>
    <ClCompile Include="GameComponents\DynamicObject\Player\Weapon\Whip.cpp">
      <Filter>GameComponents\DynamicObject\Player\Weapon</Filter>
    </ClCompile>
    <ClCompile Include="GameComponents\DynamicObject\Enemy\Fleamen.cpp">
      <Filter>GameComponents\DynamicObject\Enemy</Filter>
    </ClCompile>
    <ClCompile Include="GameComponents\DynamicObject\Enemy\AxeKnight.cpp">
      <Filter>GameComponents\DynamicObject\Enemy</Filter>
    </ClCompile>
    <ClCompile Include="GameComponents\DynamicObject\Enemy\Axe.cpp">
      <Filter>GameComponents\DynamicObject\Enemy</Filter>
    </ClCompile>
    <ClCompile Include="GameComponents\DynamicObject\Player\PlayerUpStairState.cpp">
      <Filter>GameComponents\DynamicObject\Player</Filter>
    </ClCompile>
    <ClCompile Include="GameComponents\DynamicObject\Player\PlayerDownStairState.cpp">
      <Filter>GameComponents\DynamicObject\Player</Filter>
    </ClCompile>
    <ClCompile Include="Framework\UIDrawing.cpp">
      <Filter>Framework</Filter>
    </ClCompile>
    <ClCompile Include="GameUtility.cpp">
      <Filter>Framework</Filter>
    </ClCompile>
    <ClCompile Include="GlobalVar.cpp">
      <Filter>Framework</Filter>
    </ClCompile>
    <ClCompile Include="GameComponents\DynamicObject\Enemy\BoneTower.cpp">
      <Filter>GameComponents\DynamicObject\Enemy</Filter>
    </ClCompile>
    <ClCompile Include="GameComponents\DynamicObject\Enemy\Bullet.cpp">
      <Filter>GameComponents\DynamicObject\Enemy</Filter>
    </ClCompile>
    <ClCompile Include="GameComponents\DynamicObject\Enemy\RedSkeleton.cpp">
      <Filter>GameComponents\DynamicObject\Enemy</Filter>
    </ClCompile>
    <ClCompile Include="GameComponents\DynamicObject\Enemy\Bone.cpp">
      <Filter>GameComponents\DynamicObject\Enemy</Filter>
    </ClCompile>
    <ClCompile Include="GameComponents\DynamicObject\Enemy\Skeleton.cpp">
      <Filter>GameComponents\DynamicObject\Enemy</Filter>
    </ClCompile>
    <ClCompile Include="GameComponents\StaticObject\StairBottomObj.cpp">
      <Filter>GameComponents\StaticObject</Filter>
    </ClCompile>
    <ClCompile Include="GameComponents\StaticObject\StairTopObj.cpp">
      <Filter>GameComponents\StaticObject</Filter>
    </ClCompile>
    <ClCompile Include="GameComponents\StaticObject\StairBottomObj.cpp">
      <Filter>GameComponents\StaticObject</Filter>
    </ClCompile>
    <ClCompile Include="GameComponents\DynamicObject\Door.cpp">
      <Filter>GameComponents\DynamicObject</Filter>
    </ClCompile>
    <ClCompile Include="GameComponents\StaticObject\Wall.cpp">
      <Filter>GameComponents\StaticObject</Filter>
    </ClCompile>
    <ClCompile Include="GameComponents\DynamicObject\Candle\BigCandle.cpp">
      <Filter>GameComponents\DynamicObject\Candle</Filter>
    </ClCompile>
    <ClCompile Include="GameComponents\DynamicObject\Candle\Candle.cpp">
      <Filter>GameComponents\DynamicObject\Candle</Filter>
    </ClCompile>
    <ClCompile Include="GameComponents\DynamicObject\Enemy\Ghouls.cpp">
      <Filter>GameComponents\DynamicObject\Enemy</Filter>
    </ClCompile>
    <ClCompile Include="GameComponents\DynamicObject\Enemy\Fishmen.cpp">
      <Filter>GameComponents\DynamicObject\Enemy</Filter>
    </ClCompile>
    <ClCompile Include="GameComponents\DynamicObject\Items\SmallHeart.cpp">
      <Filter>GameComponents\DynamicObject\Items</Filter>
    </ClCompile>
    <ClCompile Include="GameComponents\DynamicObject\Enemy\Panther.cpp">
      <Filter>GameComponents\DynamicObject\Enemy</Filter>
    </ClCompile>
    <ClCompile Include="GameComponents\DynamicObject\Items\LargeHeart.cpp">
      <Filter>GameComponents\DynamicObject\Items</Filter>
    </ClCompile>
    <ClCompile Include="GameComponents\DynamicObject\Items\Crystal.cpp">
      <Filter>GameComponents\DynamicObject\Items</Filter>
    </ClCompile>
    <ClCompile Include="GameComponents\DynamicObject\Enemy\Bat.cpp">
      <Filter>GameComponents\DynamicObject\Enemy</Filter>
    </ClCompile>
    <ClCompile Include="GameComponents\DynamicObject\Enemy\PhantomBat.cpp">
      <Filter>GameComponents\DynamicObject\Enemy</Filter>
    </ClCompile>
    <ClCompile Include="Framework\Font.cpp">
      <Filter>Framework</Filter>
    </ClCompile>
    <ClCompile Include="Framework\GameUI.cpp">
      <Filter>Framework</Filter>
    </ClCompile>
  </ItemGroup>
  <ItemGroup>
    <ClInclude Include="Framework\Game.h">
      <Filter>Framework</Filter>
    </ClInclude>
    <ClInclude Include="Scene\Scene.h">
      <Filter>Scene</Filter>
    </ClInclude>
    <ClInclude Include="Scene\DemoScene.h">
      <Filter>Scene</Filter>
    </ClInclude>
    <ClInclude Include="Scene\SceneManager.h">
      <Filter>Scene</Filter>
    </ClInclude>
    <ClInclude Include="Framework\Camera.h">
      <Filter>Framework</Filter>
    </ClInclude>
    <ClInclude Include="Framework\Sprite.h">
      <Filter>Framework</Filter>
    </ClInclude>
    <ClInclude Include="Framework\GameMap.h">
      <Filter>Framework</Filter>
    </ClInclude>
    <ClInclude Include="GameComponents\GameObject.h">
      <Filter>GameComponents</Filter>
    </ClInclude>
    <ClInclude Include="Framework\Animation.h">
      <Filter>Framework</Filter>
    </ClInclude>
    <ClInclude Include="QuadTree.h">
      <Filter>Framework</Filter>
    </ClInclude>
    <ClInclude Include="Framework\Tile.h">
      <Filter>Framework</Filter>
    </ClInclude>
    <ClInclude Include="Framework\TileSet.h">
      <Filter>Framework</Filter>
    </ClInclude>
    <ClInclude Include="Scene\TitleScene.h">
      <Filter>Scene</Filter>
    </ClInclude>
    <ClInclude Include="Scene\IntroScene.h">
      <Filter>Scene</Filter>
    </ClInclude>
    <ClInclude Include="GameComponents\DynamicObject\Player\Player.h">
      <Filter>GameComponents\DynamicObject\Player</Filter>
    </ClInclude>
    <ClInclude Include="GameComponents\DynamicObject\Player\PlayerData.h">
      <Filter>GameComponents\DynamicObject\Player</Filter>
    </ClInclude>
    <ClInclude Include="GameComponents\DynamicObject\Player\PlayerRunningState.h">
      <Filter>GameComponents\DynamicObject\Player</Filter>
    </ClInclude>
    <ClInclude Include="GameComponents\DynamicObject\Player\PlayerStandingState.h">
      <Filter>GameComponents\DynamicObject\Player</Filter>
    </ClInclude>
    <ClInclude Include="GameComponents\DynamicObject\Player\PlayerState.h">
      <Filter>GameComponents\DynamicObject\Player</Filter>
    </ClInclude>
    <ClInclude Include="GameComponents\DynamicObject\DynamicObject.h">
      <Filter>GameComponents\DynamicObject</Filter>
    </ClInclude>
    <ClInclude Include="GameComponents\StaticObject\Ground\Ground.h">
      <Filter>GameComponents\StaticObject\Ground</Filter>
    </ClInclude>
    <ClInclude Include="GameComponents\DynamicObject\Player\PlayerFightingState.h">
      <Filter>GameComponents\DynamicObject\Player</Filter>
    </ClInclude>
    <ClInclude Include="GameCollision.h">
      <Filter>GameComponents</Filter>
    </ClInclude>
    <ClInclude Include="GameComponents\DynamicObject\Player\PlayerSitdownState.h">
      <Filter>GameComponents\DynamicObject\Player</Filter>
    </ClInclude>
    <ClInclude Include="GameComponents\DynamicObject\Player\PlayerJumpingState.h">
      <Filter>GameComponents\DynamicObject\Player</Filter>
    </ClInclude>
    <ClInclude Include="GameComponents\DynamicObject\Player\PlayerFallingState.h">
      <Filter>GameComponents\DynamicObject\Player</Filter>
    </ClInclude>
    <ClInclude Include="GameComponents\StaticObject\StaticObject.h">
      <Filter>GameComponents\StaticObject</Filter>
    </ClInclude>
    <ClInclude Include="GameComponents\DynamicObject\Player\Weapon\Whip.h">
      <Filter>GameComponents\DynamicObject\Player\Weapon</Filter>
    </ClInclude>
    <ClInclude Include="GameComponents\DynamicObject\Enemy\AxeKnight.h">
      <Filter>GameComponents\DynamicObject\Enemy</Filter>
    </ClInclude>
    <ClInclude Include="GameComponents\DynamicObject\Enemy\Fleamen.h">
      <Filter>GameComponents\DynamicObject\Enemy</Filter>
    </ClInclude>
    <ClInclude Include="GameComponents\DynamicObject\Enemy\Axe.h">
      <Filter>GameComponents\DynamicObject\Enemy</Filter>
    </ClInclude>
    <ClInclude Include="Framework\UIDrawing.h">
      <Filter>Framework</Filter>
    </ClInclude>
    <ClInclude Include="GameComponents\DynamicObject\Player\PlayerUpStairState.h">
      <Filter>GameComponents\DynamicObject\Player</Filter>
    </ClInclude>
    <ClInclude Include="GameComponents\DynamicObject\Player\PlayerDownStairState.h">
      <Filter>GameComponents\DynamicObject\Player</Filter>
    </ClInclude>
    <ClInclude Include="GameUtility.h">
      <Filter>Framework</Filter>
    </ClInclude>
    <ClInclude Include="GlobalVar.h">
      <Filter>Framework</Filter>
    </ClInclude>
    <ClInclude Include="GameComponents\DynamicObject\Enemy\BoneTower.h">
      <Filter>GameComponents\DynamicObject\Enemy</Filter>
    </ClInclude>
    <ClInclude Include="GameComponents\DynamicObject\Enemy\Bullet.h">
      <Filter>GameComponents\DynamicObject\Enemy</Filter>
    </ClInclude>
    <ClInclude Include="GameComponents\DynamicObject\Enemy\RedSkeleton.h">
      <Filter>GameComponents\DynamicObject\Enemy</Filter>
    </ClInclude>
    <ClInclude Include="GameComponents\DynamicObject\Enemy\Skeleton.h">
      <Filter>GameComponents\DynamicObject\Enemy</Filter>
    </ClInclude>
    <ClInclude Include="GameComponents\DynamicObject\Enemy\Bone.h">
      <Filter>GameComponents\DynamicObject\Enemy</Filter>
    </ClInclude>
    <ClInclude Include="GameComponents\StaticObject\StairTopObj.h">
      <Filter>GameComponents\StaticObject</Filter>
    </ClInclude>
    <ClInclude Include="GameComponents\StaticObject\StairBottomObj.h">
      <Filter>GameComponents\StaticObject</Filter>
    </ClInclude>
    <ClInclude Include="GameComponents\DynamicObject\Door.h">
      <Filter>GameComponents\DynamicObject</Filter>
    </ClInclude>
    <ClInclude Include="GameComponents\StaticObject\Wall.h">
      <Filter>GameComponents\StaticObject</Filter>
    </ClInclude>
    <ClInclude Include="GameComponents\DynamicObject\Candle\BigCandle.h">
      <Filter>GameComponents\DynamicObject\Candle</Filter>
    </ClInclude>
    <ClInclude Include="GameComponents\DynamicObject\Candle\Candle.h">
      <Filter>GameComponents\DynamicObject\Candle</Filter>
    </ClInclude>
    <ClInclude Include="GameComponents\DynamicObject\Enemy\Ghouls.h">
      <Filter>GameComponents\DynamicObject\Enemy</Filter>
    </ClInclude>
    <ClInclude Include="GameComponents\DynamicObject\Enemy\Fishmen.h">
      <Filter>GameComponents\DynamicObject\Enemy</Filter>
    </ClInclude>
    <ClInclude Include="GameComponents\DynamicObject\Items\SmallHeart.h">
      <Filter>GameComponents\DynamicObject\Items</Filter>
    </ClInclude>
    <ClInclude Include="GameComponents\DynamicObject\Enemy\Panther.h">
      <Filter>GameComponents\DynamicObject\Enemy</Filter>
    </ClInclude>
    <ClInclude Include="GameComponents\DynamicObject\Items\LargeHeart.h">
      <Filter>GameComponents\DynamicObject\Items</Filter>
    </ClInclude>
    <ClInclude Include="GameComponents\DynamicObject\Items\Crystal.h">
      <Filter>GameComponents\DynamicObject\Items</Filter>
    </ClInclude>
    <ClInclude Include="GameComponents\DynamicObject\Enemy\Bat.h">
      <Filter>GameComponents\DynamicObject\Enemy</Filter>
    </ClInclude>
    <ClInclude Include="GameComponents\DynamicObject\Enemy\PhantomBat.h">
      <Filter>GameComponents\DynamicObject\Enemy</Filter>
    </ClInclude>
    <ClInclude Include="Framework\Font.h">
      <Filter>Framework</Filter>
    </ClInclude>
    <ClInclude Include="Framework\GameUI.h">
      <Filter>Framework</Filter>
    </ClInclude>
  </ItemGroup>
</Project>