<?xml version="1.0" encoding="utf-8"?>
<Project ToolsVersion="4.0" xmlns="http://schemas.microsoft.com/developer/msbuild/2003">
  <ItemGroup>
    <Filter Include="Source Files">
      <UniqueIdentifier>{4FC737F1-C7A5-4376-A066-2A32D752A2FF}</UniqueIdentifier>
      <Extensions>cpp;c;cc;cxx;def;odl;idl;hpj;bat;asm;asmx</Extensions>
    </Filter>
    <Filter Include="Header Files">
      <UniqueIdentifier>{93995380-89BD-4b04-88EB-625FBE52EBFB}</UniqueIdentifier>
      <Extensions>h;hh;hpp;hxx;hm;inl;inc;ipp;xsd</Extensions>
    </Filter>
    <Filter Include="Resource Files">
      <UniqueIdentifier>{67DA6AB6-F800-4c08-8B7A-83BB121AAD01}</UniqueIdentifier>
      <Extensions>rc;ico;cur;bmp;dlg;rc2;rct;bin;rgs;gif;jpg;jpeg;jpe;resx;tiff;tif;png;wav;mfcribbon-ms</Extensions>
    </Filter>
    <Filter Include="Framework">
      <UniqueIdentifier>{93f2d42d-2f11-451f-9156-f69a6eba29f6}</UniqueIdentifier>
    </Filter>
    <Filter Include="Scene">
      <UniqueIdentifier>{a0dcf3b9-e29b-453b-8a45-e5888d4ca3b1}</UniqueIdentifier>
    </Filter>
    <Filter Include="GameComponents">
      <UniqueIdentifier>{3d5bbf94-089c-47dd-a563-b28740d79e14}</UniqueIdentifier>
    </Filter>
    <Filter Include="GameComponents\Player">
      <UniqueIdentifier>{3c50479e-4d9c-43a1-9248-6504956d35d2}</UniqueIdentifier>
    </Filter>
    <Filter Include="GameComponents\Shield">
      <UniqueIdentifier>{d1de89d2-1e2d-4183-96b3-8df042be8f64}</UniqueIdentifier>
    </Filter>
    <Filter Include="GameComponents\Items">
      <UniqueIdentifier>{7d66b7fc-7793-4f28-8715-785d4ee8dca8}</UniqueIdentifier>
    </Filter>
  </ItemGroup>
  <ItemGroup>
    <ClCompile Include="main.cpp">
      <Filter>Source Files</Filter>
    </ClCompile>
    <ClCompile Include="Framework\Game.cpp">
      <Filter>Framework</Filter>
    </ClCompile>
    <ClCompile Include="Framework\Global.cpp">
      <Filter>Framework</Filter>
    </ClCompile>
    <ClCompile Include="Scene\SceneManager.cpp">
      <Filter>Scene</Filter>
    </ClCompile>
    <ClCompile Include="Scene\DemoScene.cpp">
      <Filter>Scene</Filter>
    </ClCompile>
    <ClCompile Include="Scene\Scene.cpp">
      <Filter>Scene</Filter>
    </ClCompile>
    <ClCompile Include="Framework\Animation.cpp">
      <Filter>Framework</Filter>
    </ClCompile>
    <ClCompile Include="Framework\Sprite.cpp">
      <Filter>Framework</Filter>
    </ClCompile>
    <ClCompile Include="Scene\TitleScene.cpp">
      <Filter>Scene</Filter>
    </ClCompile>
    <ClCompile Include="Framework\Camera.cpp">
      <Filter>Framework</Filter>
    </ClCompile>
    <ClCompile Include="Framework\Tile.cpp">
      <Filter>Framework</Filter>
    </ClCompile>
    <ClCompile Include="Framework\TileSet.cpp">
      <Filter>Framework</Filter>
    </ClCompile>
    <ClCompile Include="Framework\Util.cpp">
      <Filter>Framework</Filter>
    </ClCompile>
    <ClCompile Include="Framework\GameMap.cpp">
      <Filter>Framework</Filter>
    </ClCompile>
    <ClCompile Include="Framework\Grid.cpp">
      <Filter>Framework</Filter>
    </ClCompile>
    <ClCompile Include="GameComponents\GameObject.cpp">
      <Filter>GameComponents</Filter>
    </ClCompile>
    <ClCompile Include="Framework\Cell.cpp">
      <Filter>Framework</Filter>
    </ClCompile>
    <ClCompile Include="Framework\Collision.cpp">
      <Filter>Framework</Filter>
    </ClCompile>
    <ClCompile Include="GameComponents\Player\Player.cpp">
      <Filter>GameComponents\Player</Filter>
    </ClCompile>
    <ClCompile Include="GameComponents\Player\PlayerStandingState.cpp">
      <Filter>GameComponents\Player</Filter>
    </ClCompile>
    <ClCompile Include="GameComponents\Player\PlayerRunningState.cpp">
      <Filter>GameComponents\Player</Filter>
    </ClCompile>
    <ClCompile Include="GameComponents\Player\PlayerFallingState.cpp">
      <Filter>GameComponents\Player</Filter>
    </ClCompile>
    <ClCompile Include="GameComponents\Player\PlayerJumpingState.cpp">
      <Filter>GameComponents\Player</Filter>
    </ClCompile>
    <ClCompile Include="GameComponents\Player\PlayerKickingState.cpp">
      <Filter>GameComponents\Player</Filter>
    </ClCompile>
    <ClCompile Include="GameComponents\Player\PlayerSpinningState.cpp">
      <Filter>GameComponents\Player</Filter>
    </ClCompile>
    <ClCompile Include="GameComponents\Player\PlayerAttackingState.cpp">
      <Filter>GameComponents\Player</Filter>
    </ClCompile>
    <ClCompile Include="GameComponents\Shield\Shield.cpp">
      <Filter>GameComponents\Shield</Filter>
    </ClCompile>
    <ClCompile Include="GameComponents\Player\PlayerSittingState.cpp">
      <Filter>GameComponents\Player</Filter>
    </ClCompile>
    <ClCompile Include="GameComponents\Player\PlayerDiedState.cpp">
      <Filter>GameComponents\Player</Filter>
    </ClCompile>
    <ClCompile Include="GameComponents\Items\ItemsContainer.cpp">
      <Filter>GameComponents\Items</Filter>
    </ClCompile>
  </ItemGroup>
  <ItemGroup>
    <ClInclude Include="Framework\Game.h">
      <Filter>Framework</Filter>
    </ClInclude>
    <ClInclude Include="Framework\Global.h">
      <Filter>Framework</Filter>
    </ClInclude>
    <ClInclude Include="Scene\SceneManager.h">
      <Filter>Scene</Filter>
    </ClInclude>
    <ClInclude Include="Scene\Scene.h">
      <Filter>Scene</Filter>
    </ClInclude>
    <ClInclude Include="Scene\DemoScene.h">
      <Filter>Scene</Filter>
    </ClInclude>
    <ClInclude Include="Framework\Sprite.h">
      <Filter>Framework</Filter>
    </ClInclude>
    <ClInclude Include="Framework\Animation.h">
      <Filter>Framework</Filter>
    </ClInclude>
    <ClInclude Include="Scene\TitleScene.h">
      <Filter>Scene</Filter>
    </ClInclude>
    <ClInclude Include="Framework\Tile.h">
      <Filter>Framework</Filter>
    </ClInclude>
    <ClInclude Include="Framework\Camera.h">
      <Filter>Framework</Filter>
    </ClInclude>
    <ClInclude Include="Framework\TileSet.h">
      <Filter>Framework</Filter>
    </ClInclude>
    <ClInclude Include="Framework\GameMap.h">
      <Filter>Framework</Filter>
    </ClInclude>
    <ClInclude Include="Framework\Util.h">
      <Filter>Framework</Filter>
    </ClInclude>
    <ClInclude Include="Framework\Cell.h">
      <Filter>Framework</Filter>
    </ClInclude>
    <ClInclude Include="GameComponents\GameObject.h">
      <Filter>GameComponents</Filter>
    </ClInclude>
    <ClInclude Include="Framework\Grid.h">
      <Filter>Framework</Filter>
    </ClInclude>
    <ClInclude Include="Framework\Collision.h">
      <Filter>Framework</Filter>
    </ClInclude>
    <ClInclude Include="GameComponents\Player\Player.h">
      <Filter>GameComponents\Player</Filter>
    </ClInclude>
    <ClInclude Include="GameComponents\Player\PlayerState.h">
      <Filter>GameComponents\Player</Filter>
    </ClInclude>
    <ClInclude Include="GameComponents\Player\PlayerStandingState.h">
      <Filter>GameComponents\Player</Filter>
    </ClInclude>
    <ClInclude Include="GameComponents\Player\PlayerRunningState.h">
      <Filter>GameComponents\Player</Filter>
    </ClInclude>
    <ClInclude Include="GameComponents\Player\PlayerFallingState.h">
      <Filter>GameComponents\Player</Filter>
    </ClInclude>
    <ClInclude Include="GameComponents\Player\PlayerJumpingState.h">
      <Filter>GameComponents\Player</Filter>
    </ClInclude>
    <ClInclude Include="GameComponents\Player\PlayerKickingState.h">
      <Filter>GameComponents\Player</Filter>
    </ClInclude>
    <ClInclude Include="GameComponents\Player\PlayerSpinningState.h">
      <Filter>GameComponents\Player</Filter>
    </ClInclude>
    <ClInclude Include="GameComponents\Player\PlayerAttackingState.h">
      <Filter>GameComponents\Player</Filter>
    </ClInclude>
    <ClInclude Include="GameComponents\Shield\Shield.h">
      <Filter>GameComponents\Shield</Filter>
    </ClInclude>
    <ClInclude Include="GameComponents\Player\PlayerSittingState.h">
      <Filter>GameComponents\Player</Filter>
    </ClInclude>
    <ClInclude Include="GameComponents\Player\PlayerDiedState.h">
      <Filter>GameComponents\Player</Filter>
    </ClInclude>
    <ClInclude Include="GameComponents\Items\ItemsContainer.h">
      <Filter>GameComponents\Items</Filter>
    </ClInclude>
  </ItemGroup>
</Project>