
Microsoft Visual Studio Solution File, Format Version 12.00
# Visual Studio 15
VisualStudioVersion = 15.0.28010.2036
MinimumVisualStudioVersion = 10.0.40219.1
Project("{FAE04EC0-301F-11D3-BF4B-00C04F79EFBC}") = "CreateTile", "CreateTile\CreateTile.csproj", "{DABC99D5-CAE0-4E31-A8AC-6AED7D14C0F5}"
EndProject
Global
	GlobalSection(SolutionConfigurationPlatforms) = preSolution
		Debug|Any CPU = Debug|Any CPU
		Release|Any CPU = Release|Any CPU
	EndGlobalSection
	GlobalSection(ProjectConfigurationPlatforms) = postSolution
		{DABC99D5-CAE0-4E31-A8AC-6AED7D14C0F5}.Debug|Any CPU.ActiveCfg = Debug|Any CPU
		{DABC99D5-CAE0-4E31-A8AC-6AED7D14C0F5}.Debug|Any CPU.Build.0 = Debug|Any CPU
		{DABC99D5-CAE0-4E31-A8AC-6AED7D14C0F5}.Release|Any CPU.ActiveCfg = Release|Any CPU
		{DABC99D5-CAE0-4E31-A8AC-6AED7D14C0F5}.Release|Any CPU.Build.0 = Release|Any CPU
	EndGlobalSection
	GlobalSection(SolutionProperties) = preSolution
		HideSolutionNode = FALSE
	EndGlobalSection
	GlobalSection(ExtensibilityGlobals) = postSolution
		SolutionGuid = {61A338AB-1A0E-4276-A0E9-0106A0CEA9B1}
	EndGlobalSection
EndGlobal
